
Microsoft Visual Studio Solution File, Format Version 12.00
# Visual Studio 15
Project("{FAE04EC0-301F-11D3-BF4B-00C04F79EFBC}") = "RobotRover", "RobotRover.csproj", "{1DC207C4-D925-4E81-A0D3-9C54BFA933DA}"
EndProject
Project("{FAE04EC0-301F-11D3-BF4B-00C04F79EFBC}") = "RobotRover.Tests", "RobotRover.Tests\RobotRover.Tests.csproj", "{34AB7244-63EA-4431-AA58-DDA17A277A0D}"
EndProject
Global
	GlobalSection(SolutionConfigurationPlatforms) = preSolution
		Debug|Any CPU = Debug|Any CPU
		Release|Any CPU = Release|Any CPU
	EndGlobalSection
	GlobalSection(ProjectConfigurationPlatforms) = postSolution
		{1DC207C4-D925-4E81-A0D3-9C54BFA933DA}.Debug|Any CPU.ActiveCfg = Debug|Any CPU
		{1DC207C4-D925-4E81-A0D3-9C54BFA933DA}.Debug|Any CPU.Build.0 = Debug|Any CPU
		{1DC207C4-D925-4E81-A0D3-9C54BFA933DA}.Release|Any CPU.ActiveCfg = Release|Any CPU
		{1DC207C4-D925-4E81-A0D3-9C54BFA933DA}.Release|Any CPU.Build.0 = Release|Any CPU
		{34AB7244-63EA-4431-AA58-DDA17A277A0D}.Debug|Any CPU.ActiveCfg = Debug|Any CPU
		{34AB7244-63EA-4431-AA58-DDA17A277A0D}.Debug|Any CPU.Build.0 = Debug|Any CPU
		{34AB7244-63EA-4431-AA58-DDA17A277A0D}.Release|Any CPU.ActiveCfg = Release|Any CPU
		{34AB7244-63EA-4431-AA58-DDA17A277A0D}.Release|Any CPU.Build.0 = Release|Any CPU
	EndGlobalSection
	GlobalSection(NestedProjects) = preSolution
	EndGlobalSection
EndGlobal
